
Microsoft Visual Studio Solution File, Format Version 12.00
# Visual Studio Version 17
VisualStudioVersion = 17.5.002.0
MinimumVisualStudioVersion = 10.0.40219.1
Project("{9A19103F-16F7-4668-BE54-9A1E7A4F7556}") = "Starter", "Starter.csproj", "{8FB319F2-FA0A-4634-97F3-F2A472CED75B}"
EndProject
Global
	GlobalSection(SolutionConfigurationPlatforms) = preSolution
		Debug|Any CPU = Debug|Any CPU
		Release|Any CPU = Release|Any CPU
	EndGlobalSection
	GlobalSection(ProjectConfigurationPlatforms) = postSolution
		{8FB319F2-FA0A-4634-97F3-F2A472CED75B}.Debug|Any CPU.ActiveCfg = Debug|Any CPU
		{8FB319F2-FA0A-4634-97F3-F2A472CED75B}.Debug|Any CPU.Build.0 = Debug|Any CPU
		{8FB319F2-FA0A-4634-97F3-F2A472CED75B}.Release|Any CPU.ActiveCfg = Release|Any CPU
		{8FB319F2-FA0A-4634-97F3-F2A472CED75B}.Release|Any CPU.Build.0 = Release|Any CPU
	EndGlobalSection
	GlobalSection(SolutionProperties) = preSolution
		HideSolutionNode = FALSE
	EndGlobalSection
	GlobalSection(ExtensibilityGlobals) = postSolution
		SolutionGuid = {334837B0-010C-497C-9376-E261FCC744B9}
	EndGlobalSection
EndGlobal
